// !$*UTF8*$!
{
	archiveVersion = 1;
	classes = {
	};
	objectVersion = 50;
	objects = {

/* Begin PBXBuildFile section */
		AB3D4F092539EEE300C173AE /* AppDelegate.swift in Sources */ = {isa = PBXBuildFile; fileRef = AB3D4F082539EEE300C173AE /* AppDelegate.swift */; };
		AB3D4F0B2539EEE300C173AE /* SceneDelegate.swift in Sources */ = {isa = PBXBuildFile; fileRef = AB3D4F0A2539EEE300C173AE /* SceneDelegate.swift */; };
		AB3D4F102539EEE300C173AE /* Main.storyboard in Resources */ = {isa = PBXBuildFile; fileRef = AB3D4F0E2539EEE300C173AE /* Main.storyboard */; };
		AB3D4F122539EEEF00C173AE /* Assets.xcassets in Resources */ = {isa = PBXBuildFile; fileRef = AB3D4F112539EEEF00C173AE /* Assets.xcassets */; };
		AB3D4F152539EEEF00C173AE /* LaunchScreen.storyboard in Resources */ = {isa = PBXBuildFile; fileRef = AB3D4F132539EEEF00C173AE /* LaunchScreen.storyboard */; };
		AB3D4F292539EFC200C173AE /* Person.swift in Sources */ = {isa = PBXBuildFile; fileRef = AB3D4F282539EFC200C173AE /* Person.swift */; };
		AB3D4F2D2539EFFF00C173AE /* PersonController.swift in Sources */ = {isa = PBXBuildFile; fileRef = AB3D4F2C2539EFFF00C173AE /* PersonController.swift */; };
		AB9869E5253A0B7E00FB7359 /* PersonViewController.swift in Sources */ = {isa = PBXBuildFile; fileRef = AB9869E4253A0B7E00FB7359 /* PersonViewController.swift */; };
/* End PBXBuildFile section */

/* Begin PBXFileReference section */
		AB3D4F052539EEE300C173AE /* AssessmentSix.app */ = {isa = PBXFileReference; explicitFileType = wrapper.application; includeInIndex = 0; path = AssessmentSix.app; sourceTree = BUILT_PRODUCTS_DIR; };
		AB3D4F082539EEE300C173AE /* AppDelegate.swift */ = {isa = PBXFileReference; lastKnownFileType = sourcecode.swift; path = AppDelegate.swift; sourceTree = "<group>"; };
		AB3D4F0A2539EEE300C173AE /* SceneDelegate.swift */ = {isa = PBXFileReference; lastKnownFileType = sourcecode.swift; path = SceneDelegate.swift; sourceTree = "<group>"; };
		AB3D4F0F2539EEE300C173AE /* Base */ = {isa = PBXFileReference; lastKnownFileType = file.storyboard; name = Base; path = Base.lproj/Main.storyboard; sourceTree = "<group>"; };
		AB3D4F112539EEEF00C173AE /* Assets.xcassets */ = {isa = PBXFileReference; lastKnownFileType = folder.assetcatalog; path = Assets.xcassets; sourceTree = "<group>"; };
		AB3D4F142539EEEF00C173AE /* Base */ = {isa = PBXFileReference; lastKnownFileType = file.storyboard; name = Base; path = Base.lproj/LaunchScreen.storyboard; sourceTree = "<group>"; };
		AB3D4F162539EEEF00C173AE /* Info.plist */ = {isa = PBXFileReference; lastKnownFileType = text.plist.xml; path = Info.plist; sourceTree = "<group>"; };
		AB3D4F282539EFC200C173AE /* Person.swift */ = {isa = PBXFileReference; lastKnownFileType = sourcecode.swift; path = Person.swift; sourceTree = "<group>"; };
		AB3D4F2C2539EFFF00C173AE /* PersonController.swift */ = {isa = PBXFileReference; lastKnownFileType = sourcecode.swift; path = PersonController.swift; sourceTree = "<group>"; };
		AB9869E4253A0B7E00FB7359 /* PersonViewController.swift */ = {isa = PBXFileReference; lastKnownFileType = sourcecode.swift; path = PersonViewController.swift; sourceTree = "<group>"; };
/* End PBXFileReference section */

/* Begin PBXFrameworksBuildPhase section */
		AB3D4F022539EEE300C173AE /* Frameworks */ = {
			isa = PBXFrameworksBuildPhase;
			buildActionMask = 2147483647;
			files = (
			);
			runOnlyForDeploymentPostprocessing = 0;
		};
/* End PBXFrameworksBuildPhase section */

/* Begin PBXGroup section */
		AB3D4EFC2539EEE300C173AE = {
			isa = PBXGroup;
			children = (
				AB3D4F072539EEE300C173AE /* AssessmentSix */,
				AB3D4F062539EEE300C173AE /* Products */,
			);
			sourceTree = "<group>";
		};
		AB3D4F062539EEE300C173AE /* Products */ = {
			isa = PBXGroup;
			children = (
				AB3D4F052539EEE300C173AE /* AssessmentSix.app */,
			);
			name = Products;
			sourceTree = "<group>";
		};
		AB3D4F072539EEE300C173AE /* AssessmentSix */ = {
			isa = PBXGroup;
			children = (
				AB3D4F272539EFA500C173AE /* Models */,
				AB3D4F242539EF9400C173AE /* Views */,
				AB3D4F212539EF7F00C173AE /* Controllers */,
				AB3D4F1D2539EF5B00C173AE /* Resources */,
				AB3D4F0E2539EEE300C173AE /* Main.storyboard */,
			);
			path = AssessmentSix;
			sourceTree = "<group>";
		};
		AB3D4F1D2539EF5B00C173AE /* Resources */ = {
			isa = PBXGroup;
			children = (
				AB3D4F082539EEE300C173AE /* AppDelegate.swift */,
				AB3D4F0A2539EEE300C173AE /* SceneDelegate.swift */,
				AB3D4F112539EEEF00C173AE /* Assets.xcassets */,
				AB3D4F132539EEEF00C173AE /* LaunchScreen.storyboard */,
				AB3D4F162539EEEF00C173AE /* Info.plist */,
			);
			path = Resources;
			sourceTree = "<group>";
		};
		AB3D4F212539EF7F00C173AE /* Controllers */ = {
			isa = PBXGroup;
			children = (
				AB3D4F232539EF8B00C173AE /* ModelControllers */,
				AB3D4F222539EF8400C173AE /* ViewControllers */,
			);
			path = Controllers;
			sourceTree = "<group>";
		};
		AB3D4F222539EF8400C173AE /* ViewControllers */ = {
			isa = PBXGroup;
			children = (
				AB9869E4253A0B7E00FB7359 /* PersonViewController.swift */,
			);
			path = ViewControllers;
			sourceTree = "<group>";
		};
		AB3D4F232539EF8B00C173AE /* ModelControllers */ = {
			isa = PBXGroup;
			children = (
				AB3D4F2C2539EFFF00C173AE /* PersonController.swift */,
			);
			path = ModelControllers;
			sourceTree = "<group>";
		};
		AB3D4F242539EF9400C173AE /* Views */ = {
			isa = PBXGroup;
			children = (
				AB3D4F252539EF9700C173AE /* Storyboards */,
			);
			path = Views;
			sourceTree = "<group>";
		};
		AB3D4F252539EF9700C173AE /* Storyboards */ = {
			isa = PBXGroup;
			children = (
			);
			path = Storyboards;
			sourceTree = "<group>";
		};
		AB3D4F272539EFA500C173AE /* Models */ = {
			isa = PBXGroup;
			children = (
				AB3D4F282539EFC200C173AE /* Person.swift */,
			);
			path = Models;
			sourceTree = "<group>";
		};
/* End PBXGroup section */

/* Begin PBXNativeTarget section */
		AB3D4F042539EEE300C173AE /* AssessmentSix */ = {
			isa = PBXNativeTarget;
			buildConfigurationList = AB3D4F192539EEEF00C173AE /* Build configuration list for PBXNativeTarget "AssessmentSix" */;
			buildPhases = (
				AB3D4F012539EEE300C173AE /* Sources */,
				AB3D4F022539EEE300C173AE /* Frameworks */,
				AB3D4F032539EEE300C173AE /* Resources */,
			);
			buildRules = (
			);
			dependencies = (
			);
			name = AssessmentSix;
			productName = AssessmentSix;
			productReference = AB3D4F052539EEE300C173AE /* AssessmentSix.app */;
			productType = "com.apple.product-type.application";
		};
/* End PBXNativeTarget section */

/* Begin PBXProject section */
		AB3D4EFD2539EEE300C173AE /* Project object */ = {
			isa = PBXProject;
			attributes = {
				LastSwiftUpdateCheck = 1200;
				LastUpgradeCheck = 1200;
				TargetAttributes = {
					AB3D4F042539EEE300C173AE = {
						CreatedOnToolsVersion = 12.0;
					};
				};
			};
			buildConfigurationList = AB3D4F002539EEE300C173AE /* Build configuration list for PBXProject "AssessmentSix" */;
			compatibilityVersion = "Xcode 9.3";
			developmentRegion = en;
			hasScannedForEncodings = 0;
			knownRegions = (
				en,
				Base,
			);
			mainGroup = AB3D4EFC2539EEE300C173AE;
			productRefGroup = AB3D4F062539EEE300C173AE /* Products */;
			projectDirPath = "";
			projectRoot = "";
			targets = (
				AB3D4F042539EEE300C173AE /* AssessmentSix */,
			);
		};
/* End PBXProject section */

/* Begin PBXResourcesBuildPhase section */
		AB3D4F032539EEE300C173AE /* Resources */ = {
			isa = PBXResourcesBuildPhase;
			buildActionMask = 2147483647;
			files = (
				AB3D4F152539EEEF00C173AE /* LaunchScreen.storyboard in Resources */,
				AB3D4F122539EEEF00C173AE /* Assets.xcassets in Resources */,
				AB3D4F102539EEE300C173AE /* Main.storyboard in Resources */,
			);
			runOnlyForDeploymentPostprocessing = 0;
		};
/* End PBXResourcesBuildPhase section */

/* Begin PBXSourcesBuildPhase section */
		AB3D4F012539EEE300C173AE /* Sources */ = {
			isa = PBXSourcesBuildPhase;
			buildActionMask = 2147483647;
			files = (
				AB9869E5253A0B7E00FB7359 /* PersonViewController.swift in Sources */,
				AB3D4F2D2539EFFF00C173AE /* PersonController.swift in Sources */,
				AB3D4F292539EFC200C173AE /* Person.swift in Sources */,
				AB3D4F092539EEE300C173AE /* AppDelegate.swift in Sources */,
				AB3D4F0B2539EEE300C173AE /* SceneDelegate.swift in Sources */,
			);
			runOnlyForDeploymentPostprocessing = 0;
		};
/* End PBXSourcesBuildPhase section */

/* Begin PBXVariantGroup section */
		AB3D4F0E2539EEE300C173AE /* Main.storyboard */ = {
			isa = PBXVariantGroup;
			children = (
				AB3D4F0F2539EEE300C173AE /* Base */,
			);
			name = Main.storyboard;
			sourceTree = "<group>";
		};
		AB3D4F132539EEEF00C173AE /* LaunchScreen.storyboard */ = {
			isa = PBXVariantGroup;
			children = (
				AB3D4F142539EEEF00C173AE /* Base */,
			);
			name = LaunchScreen.storyboard;
			sourceTree = "<group>";
		};
/* End PBXVariantGroup section */

/* Begin XCBuildConfiguration section */
		AB3D4F172539EEEF00C173AE /* Debug */ = {
			isa = XCBuildConfiguration;
			buildSettings = {
				ALWAYS_SEARCH_USER_PATHS = NO;
				CLANG_ANALYZER_NONNULL = YES;
				CLANG_ANALYZER_NUMBER_OBJECT_CONVERSION = YES_AGGRESSIVE;
				CLANG_CXX_LANGUAGE_STANDARD = "gnu++14";
				CLANG_CXX_LIBRARY = "libc++";
				CLANG_ENABLE_MODULES = YES;
				CLANG_ENABLE_OBJC_ARC = YES;
				CLANG_ENABLE_OBJC_WEAK = YES;
				CLANG_WARN_BLOCK_CAPTURE_AUTORELEASING = YES;
				CLANG_WARN_BOOL_CONVERSION = YES;
				CLANG_WARN_COMMA = YES;
				CLANG_WARN_CONSTANT_CONVERSION = YES;
				CLANG_WARN_DEPRECATED_OBJC_IMPLEMENTATIONS = YES;
				CLANG_WARN_DIRECT_OBJC_ISA_USAGE = YES_ERROR;
				CLANG_WARN_DOCUMENTATION_COMMENTS = YES;
				CLANG_WARN_EMPTY_BODY = YES;
				CLANG_WARN_ENUM_CONVERSION = YES;
				CLANG_WARN_INFINITE_RECURSION = YES;
				CLANG_WARN_INT_CONVERSION = YES;
				CLANG_WARN_NON_LITERAL_NULL_CONVERSION = YES;
				CLANG_WARN_OBJC_IMPLICIT_RETAIN_SELF = YES;
				CLANG_WARN_OBJC_LITERAL_CONVERSION = YES;
				CLANG_WARN_OBJC_ROOT_CLASS = YES_ERROR;
				CLANG_WARN_QUOTED_INCLUDE_IN_FRAMEWORK_HEADER = YES;
				CLANG_WARN_RANGE_LOOP_ANALYSIS = YES;
				CLANG_WARN_STRICT_PROTOTYPES = YES;
				CLANG_WARN_SUSPICIOUS_MOVE = YES;
				CLANG_WARN_UNGUARDED_AVAILABILITY = YES_AGGRESSIVE;
				CLANG_WARN_UNREACHABLE_CODE = YES;
				CLANG_WARN__DUPLICATE_METHOD_MATCH = YES;
				COPY_PHASE_STRIP = NO;
				DEBUG_INFORMATION_FORMAT = dwarf;
				ENABLE_STRICT_OBJC_MSGSEND = YES;
				ENABLE_TESTABILITY = YES;
				GCC_C_LANGUAGE_STANDARD = gnu11;
				GCC_DYNAMIC_NO_PIC = NO;
				GCC_NO_COMMON_BLOCKS = YES;
				GCC_OPTIMIZATION_LEVEL = 0;
				GCC_PREPROCESSOR_DEFINITIONS = (
					"DEBUG=1",
					"$(inherited)",
				);
				GCC_WARN_64_TO_32_BIT_CONVERSION = YES;
				GCC_WARN_ABOUT_RETURN_TYPE = YES_ERROR;
				GCC_WARN_UNDECLARED_SELECTOR = YES;
				GCC_WARN_UNINITIALIZED_AUTOS = YES_AGGRESSIVE;
				GCC_WARN_UNUSED_FUNCTION = YES;
				GCC_WARN_UNUSED_VARIABLE = YES;
				IPHONEOS_DEPLOYMENT_TARGET = 14.0;
				MTL_ENABLE_DEBUG_INFO = INCLUDE_SOURCE;
				MTL_FAST_MATH = YES;
				ONLY_ACTIVE_ARCH = YES;
				SDKROOT = iphoneos;
				SWIFT_ACTIVE_COMPILATION_CONDITIONS = DEBUG;
				SWIFT_OPTIMIZATION_LEVEL = "-Onone";
			};
			name = Debug;
		};
		AB3D4F182539EEEF00C173AE /* Release */ = {
			isa = XCBuildConfiguration;
			buildSettings = {
				ALWAYS_SEARCH_USER_PATHS = NO;
				CLANG_ANALYZER_NONNULL = YES;
				CLANG_ANALYZER_NUMBER_OBJECT_CONVERSION = YES_AGGRESSIVE;
				CLANG_CXX_LANGUAGE_STANDARD = "gnu++14";
				CLANG_CXX_LIBRARY = "libc++";
				CLANG_ENABLE_MODULES = YES;
				CLANG_ENABLE_OBJC_ARC = YES;
				CLANG_ENABLE_OBJC_WEAK = YES;
				CLANG_WARN_BLOCK_CAPTURE_AUTORELEASING = YES;
				CLANG_WARN_BOOL_CONVERSION = YES;
				CLANG_WARN_COMMA = YES;
				CLANG_WARN_CONSTANT_CONVERSION = YES;
				CLANG_WARN_DEPRECATED_OBJC_IMPLEMENTATIONS = YES;
				CLANG_WARN_DIRECT_OBJC_ISA_USAGE = YES_ERROR;
				CLANG_WARN_DOCUMENTATION_COMMENTS = YES;
				CLANG_WARN_EMPTY_BODY = YES;
				CLANG_WARN_ENUM_CONVERSION = YES;
				CLANG_WARN_INFINITE_RECURSION = YES;
				CLANG_WARN_INT_CONVERSION = YES;
				CLANG_WARN_NON_LITERAL_NULL_CONVERSION = YES;
				CLANG_WARN_OBJC_IMPLICIT_RETAIN_SELF = YES;
				CLANG_WARN_OBJC_LITERAL_CONVERSION = YES;
				CLANG_WARN_OBJC_ROOT_CLASS = YES_ERROR;
				CLANG_WARN_QUOTED_INCLUDE_IN_FRAMEWORK_HEADER = YES;
				CLANG_WARN_RANGE_LOOP_ANALYSIS = YES;
				CLANG_WARN_STRICT_PROTOTYPES = YES;
				CLANG_WARN_SUSPICIOUS_MOVE = YES;
				CLANG_WARN_UNGUARDED_AVAILABILITY = YES_AGGRESSIVE;
				CLANG_WARN_UNREACHABLE_CODE = YES;
				CLANG_WARN__DUPLICATE_METHOD_MATCH = YES;
				COPY_PHASE_STRIP = NO;
				DEBUG_INFORMATION_FORMAT = "dwarf-with-dsym";
				ENABLE_NS_ASSERTIONS = NO;
				ENABLE_STRICT_OBJC_MSGSEND = YES;
				GCC_C_LANGUAGE_STANDARD = gnu11;
				GCC_NO_COMMON_BLOCKS = YES;
				GCC_WARN_64_TO_32_BIT_CONVERSION = YES;
				GCC_WARN_ABOUT_RETURN_TYPE = YES_ERROR;
				GCC_WARN_UNDECLARED_SELECTOR = YES;
				GCC_WARN_UNINITIALIZED_AUTOS = YES_AGGRESSIVE;
				GCC_WARN_UNUSED_FUNCTION = YES;
				GCC_WARN_UNUSED_VARIABLE = YES;
				IPHONEOS_DEPLOYMENT_TARGET = 14.0;
				MTL_ENABLE_DEBUG_INFO = NO;
				MTL_FAST_MATH = YES;
				SDKROOT = iphoneos;
				SWIFT_COMPILATION_MODE = wholemodule;
				SWIFT_OPTIMIZATION_LEVEL = "-O";
				VALIDATE_PRODUCT = YES;
			};
			name = Release;
		};
		AB3D4F1A2539EEEF00C173AE /* Debug */ = {
			isa = XCBuildConfiguration;
			buildSettings = {
				ASSETCATALOG_COMPILER_APPICON_NAME = AppIcon;
				ASSETCATALOG_COMPILER_GLOBAL_ACCENT_COLOR_NAME = AccentColor;
				CODE_SIGN_STYLE = Automatic;
				DEVELOPMENT_TEAM = HB59AGWRUY;
				INFOPLIST_FILE = AssessmentSix/Resources/Info.plist;
				LD_RUNPATH_SEARCH_PATHS = (
					"$(inherited)",
					"@executable_path/Frameworks",
				);
				PRODUCT_BUNDLE_IDENTIFIER = com.TrevorBursach.AssessmentSix;
				PRODUCT_NAME = "$(TARGET_NAME)";
				SWIFT_VERSION = 5.0;
				TARGETED_DEVICE_FAMILY = "1,2";
			};
			name = Debug;
		};
		AB3D4F1B2539EEEF00C173AE /* Release */ = {
			isa = XCBuildConfiguration;
			buildSettings = {
				ASSETCATALOG_COMPILER_APPICON_NAME = AppIcon;
				ASSETCATALOG_COMPILER_GLOBAL_ACCENT_COLOR_NAME = AccentColor;
				CODE_SIGN_STYLE = Automatic;
				DEVELOPMENT_TEAM = HB59AGWRUY;
				INFOPLIST_FILE = AssessmentSix/Resources/Info.plist;
				LD_RUNPATH_SEARCH_PATHS = (
					"$(inherited)",
					"@executable_path/Frameworks",
				);
				PRODUCT_BUNDLE_IDENTIFIER = com.TrevorBursach.AssessmentSix;
				PRODUCT_NAME = "$(TARGET_NAME)";
				SWIFT_VERSION = 5.0;
				TARGETED_DEVICE_FAMILY = "1,2";
			};
			name = Release;
		};
/* End XCBuildConfiguration section */

/* Begin XCConfigurationList section */
		AB3D4F002539EEE300C173AE /* Build configuration list for PBXProject "AssessmentSix" */ = {
			isa = XCConfigurationList;
			buildConfigurations = (
				AB3D4F172539EEEF00C173AE /* Debug */,
				AB3D4F182539EEEF00C173AE /* Release */,
			);
			defaultConfigurationIsVisible = 0;
			defaultConfigurationName = Release;
		};
		AB3D4F192539EEEF00C173AE /* Build configuration list for PBXNativeTarget "AssessmentSix" */ = {
			isa = XCConfigurationList;
			buildConfigurations = (
				AB3D4F1A2539EEEF00C173AE /* Debug */,
				AB3D4F1B2539EEEF00C173AE /* Release */,
			);
			defaultConfigurationIsVisible = 0;
			defaultConfigurationName = Release;
		};
/* End XCConfigurationList section */
	};
	rootObject = AB3D4EFD2539EEE300C173AE /* Project object */;
}
